
Microsoft Visual Studio Solution File, Format Version 12.00
# Visual Studio Version 17
VisualStudioVersion = 17.11.35431.28
MinimumVisualStudioVersion = 10.0.40219.1
Project("{9A19103F-16F7-4668-BE54-9A1E7A4F7556}") = "lab1-queue-producer", "lab1-producer\lab1-queue-producer.csproj", "{EF9E0CB8-989A-4E5E-B3F9-1BADD74DB6F3}"
EndProject
Project("{FAE04EC0-301F-11D3-BF4B-00C04F79EFBC}") = "lab1-queue-consumer", "lab1-consumer\lab1-queue-consumer.csproj", "{7B9130A6-9DCF-4FF8-9676-E95A25AF0544}"
EndProject
Project("{FAE04EC0-301F-11D3-BF4B-00C04F79EFBC}") = "lab1-topic-producer", "lab1-topic-producer\lab1-topic-producer.csproj", "{55B59F09-5661-4832-9EAA-67C8ACF79BEE}"
EndProject
Project("{FAE04EC0-301F-11D3-BF4B-00C04F79EFBC}") = "lab1-topic-consumers", "lab1-topic-consumer-1\lab1-topic-consumers.csproj", "{BA825F34-C1D7-4199-9941-3FCD87400235}"
EndProject
Project("{FAE04EC0-301F-11D3-BF4B-00C04F79EFBC}") = "lab1-queue-producer-delayed", "lab1-producer-delayed\lab1-queue-producer-delayed.csproj", "{5429F2FF-10A7-4E36-B21B-F210632238AC}"
EndProject
Global
	GlobalSection(SolutionConfigurationPlatforms) = preSolution
		Debug|Any CPU = Debug|Any CPU
		Release|Any CPU = Release|Any CPU
	EndGlobalSection
	GlobalSection(ProjectConfigurationPlatforms) = postSolution
		{EF9E0CB8-989A-4E5E-B3F9-1BADD74DB6F3}.Debug|Any CPU.ActiveCfg = Debug|Any CPU
		{EF9E0CB8-989A-4E5E-B3F9-1BADD74DB6F3}.Debug|Any CPU.Build.0 = Debug|Any CPU
		{EF9E0CB8-989A-4E5E-B3F9-1BADD74DB6F3}.Release|Any CPU.ActiveCfg = Release|Any CPU
		{EF9E0CB8-989A-4E5E-B3F9-1BADD74DB6F3}.Release|Any CPU.Build.0 = Release|Any CPU
		{7B9130A6-9DCF-4FF8-9676-E95A25AF0544}.Debug|Any CPU.ActiveCfg = Debug|Any CPU
		{7B9130A6-9DCF-4FF8-9676-E95A25AF0544}.Debug|Any CPU.Build.0 = Debug|Any CPU
		{7B9130A6-9DCF-4FF8-9676-E95A25AF0544}.Release|Any CPU.ActiveCfg = Release|Any CPU
		{7B9130A6-9DCF-4FF8-9676-E95A25AF0544}.Release|Any CPU.Build.0 = Release|Any CPU
		{55B59F09-5661-4832-9EAA-67C8ACF79BEE}.Debug|Any CPU.ActiveCfg = Debug|Any CPU
		{55B59F09-5661-4832-9EAA-67C8ACF79BEE}.Debug|Any CPU.Build.0 = Debug|Any CPU
		{55B59F09-5661-4832-9EAA-67C8ACF79BEE}.Release|Any CPU.ActiveCfg = Release|Any CPU
		{55B59F09-5661-4832-9EAA-67C8ACF79BEE}.Release|Any CPU.Build.0 = Release|Any CPU
		{BA825F34-C1D7-4199-9941-3FCD87400235}.Debug|Any CPU.ActiveCfg = Debug|Any CPU
		{BA825F34-C1D7-4199-9941-3FCD87400235}.Debug|Any CPU.Build.0 = Debug|Any CPU
		{BA825F34-C1D7-4199-9941-3FCD87400235}.Release|Any CPU.ActiveCfg = Release|Any CPU
		{BA825F34-C1D7-4199-9941-3FCD87400235}.Release|Any CPU.Build.0 = Release|Any CPU
		{5429F2FF-10A7-4E36-B21B-F210632238AC}.Debug|Any CPU.ActiveCfg = Debug|Any CPU
		{5429F2FF-10A7-4E36-B21B-F210632238AC}.Debug|Any CPU.Build.0 = Debug|Any CPU
		{5429F2FF-10A7-4E36-B21B-F210632238AC}.Release|Any CPU.ActiveCfg = Release|Any CPU
		{5429F2FF-10A7-4E36-B21B-F210632238AC}.Release|Any CPU.Build.0 = Release|Any CPU
	EndGlobalSection
	GlobalSection(SolutionProperties) = preSolution
		HideSolutionNode = FALSE
	EndGlobalSection
	GlobalSection(ExtensibilityGlobals) = postSolution
		SolutionGuid = {4707EAAD-7BEB-4D10-A073-3FAF82135FD9}
	EndGlobalSection
EndGlobal
