
Microsoft Visual Studio Solution File, Format Version 12.00
# Visual Studio Version 17
VisualStudioVersion = 17.11.35431.28
MinimumVisualStudioVersion = 10.0.40219.1
Project("{9A19103F-16F7-4668-BE54-9A1E7A4F7556}") = "lab1-producer", "lab1-producer\lab1-producer.csproj", "{EF9E0CB8-989A-4E5E-B3F9-1BADD74DB6F3}"
EndProject
Project("{FAE04EC0-301F-11D3-BF4B-00C04F79EFBC}") = "lab1-consumer", "lab1-consumer\lab1-consumer.csproj", "{7B9130A6-9DCF-4FF8-9676-E95A25AF0544}"
EndProject
Global
	GlobalSection(SolutionConfigurationPlatforms) = preSolution
		Debug|Any CPU = Debug|Any CPU
		Release|Any CPU = Release|Any CPU
	EndGlobalSection
	GlobalSection(ProjectConfigurationPlatforms) = postSolution
		{EF9E0CB8-989A-4E5E-B3F9-1BADD74DB6F3}.Debug|Any CPU.ActiveCfg = Debug|Any CPU
		{EF9E0CB8-989A-4E5E-B3F9-1BADD74DB6F3}.Debug|Any CPU.Build.0 = Debug|Any CPU
		{EF9E0CB8-989A-4E5E-B3F9-1BADD74DB6F3}.Release|Any CPU.ActiveCfg = Release|Any CPU
		{EF9E0CB8-989A-4E5E-B3F9-1BADD74DB6F3}.Release|Any CPU.Build.0 = Release|Any CPU
		{7B9130A6-9DCF-4FF8-9676-E95A25AF0544}.Debug|Any CPU.ActiveCfg = Debug|Any CPU
		{7B9130A6-9DCF-4FF8-9676-E95A25AF0544}.Debug|Any CPU.Build.0 = Debug|Any CPU
		{7B9130A6-9DCF-4FF8-9676-E95A25AF0544}.Release|Any CPU.ActiveCfg = Release|Any CPU
		{7B9130A6-9DCF-4FF8-9676-E95A25AF0544}.Release|Any CPU.Build.0 = Release|Any CPU
	EndGlobalSection
	GlobalSection(SolutionProperties) = preSolution
		HideSolutionNode = FALSE
	EndGlobalSection
	GlobalSection(ExtensibilityGlobals) = postSolution
		SolutionGuid = {4707EAAD-7BEB-4D10-A073-3FAF82135FD9}
	EndGlobalSection
EndGlobal
