
Microsoft Visual Studio Solution File, Format Version 12.00
# Visual Studio Version 17
VisualStudioVersion = 17.13.35617.110 d17.13
MinimumVisualStudioVersion = 10.0.40219.1
Project("{FAE04EC0-301F-11D3-BF4B-00C04F79EFBC}") = "idempotent-receiver", "idempotent-receiver\idempotent-receiver.csproj", "{C0C65A25-F66D-41FD-AABF-3E145033509F}"
EndProject
Project("{FAE04EC0-301F-11D3-BF4B-00C04F79EFBC}") = "Entities", "Entities\Entities.csproj", "{9329A41A-0744-46FA-8CE7-92F91EFC9AC9}"
EndProject
Project("{FAE04EC0-301F-11D3-BF4B-00C04F79EFBC}") = "Producer", "Producer\Producer.csproj", "{1ACF4B48-762E-4D64-8ECA-581B9089D603}"
EndProject
Global
	GlobalSection(SolutionConfigurationPlatforms) = preSolution
		Debug|Any CPU = Debug|Any CPU
		Release|Any CPU = Release|Any CPU
	EndGlobalSection
	GlobalSection(ProjectConfigurationPlatforms) = postSolution
		{C0C65A25-F66D-41FD-AABF-3E145033509F}.Debug|Any CPU.ActiveCfg = Debug|Any CPU
		{C0C65A25-F66D-41FD-AABF-3E145033509F}.Debug|Any CPU.Build.0 = Debug|Any CPU
		{C0C65A25-F66D-41FD-AABF-3E145033509F}.Release|Any CPU.ActiveCfg = Release|Any CPU
		{C0C65A25-F66D-41FD-AABF-3E145033509F}.Release|Any CPU.Build.0 = Release|Any CPU
		{9329A41A-0744-46FA-8CE7-92F91EFC9AC9}.Debug|Any CPU.ActiveCfg = Debug|Any CPU
		{9329A41A-0744-46FA-8CE7-92F91EFC9AC9}.Debug|Any CPU.Build.0 = Debug|Any CPU
		{9329A41A-0744-46FA-8CE7-92F91EFC9AC9}.Release|Any CPU.ActiveCfg = Release|Any CPU
		{9329A41A-0744-46FA-8CE7-92F91EFC9AC9}.Release|Any CPU.Build.0 = Release|Any CPU
		{1ACF4B48-762E-4D64-8ECA-581B9089D603}.Debug|Any CPU.ActiveCfg = Debug|Any CPU
		{1ACF4B48-762E-4D64-8ECA-581B9089D603}.Debug|Any CPU.Build.0 = Debug|Any CPU
		{1ACF4B48-762E-4D64-8ECA-581B9089D603}.Release|Any CPU.ActiveCfg = Release|Any CPU
		{1ACF4B48-762E-4D64-8ECA-581B9089D603}.Release|Any CPU.Build.0 = Release|Any CPU
	EndGlobalSection
	GlobalSection(SolutionProperties) = preSolution
		HideSolutionNode = FALSE
	EndGlobalSection
	GlobalSection(ExtensibilityGlobals) = postSolution
		SolutionGuid = {AB4B88F3-BC59-44DA-A879-34FC1A0567BC}
	EndGlobalSection
EndGlobal
