
Microsoft Visual Studio Solution File, Format Version 12.00
# Visual Studio Version 17
VisualStudioVersion = 17.13.35617.110
MinimumVisualStudioVersion = 10.0.40219.1
Project("{FAE04EC0-301F-11D3-BF4B-00C04F79EFBC}") = "Producer", "Producer\Producer.csproj", "{28288CA2-C92D-415A-8FE8-2DC1B15C8B39}"
EndProject
Project("{FAE04EC0-301F-11D3-BF4B-00C04F79EFBC}") = "Consumer", "Consumer\Consumer.csproj", "{3322A4CD-F324-43A0-932D-FDE4E78B7198}"
EndProject
Global
	GlobalSection(SolutionConfigurationPlatforms) = preSolution
		Debug|Any CPU = Debug|Any CPU
		Release|Any CPU = Release|Any CPU
	EndGlobalSection
	GlobalSection(ProjectConfigurationPlatforms) = postSolution
		{28288CA2-C92D-415A-8FE8-2DC1B15C8B39}.Debug|Any CPU.ActiveCfg = Debug|Any CPU
		{28288CA2-C92D-415A-8FE8-2DC1B15C8B39}.Debug|Any CPU.Build.0 = Debug|Any CPU
		{28288CA2-C92D-415A-8FE8-2DC1B15C8B39}.Release|Any CPU.ActiveCfg = Release|Any CPU
		{28288CA2-C92D-415A-8FE8-2DC1B15C8B39}.Release|Any CPU.Build.0 = Release|Any CPU
		{3322A4CD-F324-43A0-932D-FDE4E78B7198}.Debug|Any CPU.ActiveCfg = Debug|Any CPU
		{3322A4CD-F324-43A0-932D-FDE4E78B7198}.Debug|Any CPU.Build.0 = Debug|Any CPU
		{3322A4CD-F324-43A0-932D-FDE4E78B7198}.Release|Any CPU.ActiveCfg = Release|Any CPU
		{3322A4CD-F324-43A0-932D-FDE4E78B7198}.Release|Any CPU.Build.0 = Release|Any CPU
	EndGlobalSection
	GlobalSection(SolutionProperties) = preSolution
		HideSolutionNode = FALSE
	EndGlobalSection
	GlobalSection(ExtensibilityGlobals) = postSolution
		SolutionGuid = {CF3016AC-22D2-4931-8AD0-F50EE7B3AD1F}
	EndGlobalSection
EndGlobal
