
Microsoft Visual Studio Solution File, Format Version 12.00
# Visual Studio Version 17
VisualStudioVersion = 17.13.35617.110
MinimumVisualStudioVersion = 10.0.40219.1
Project("{FAE04EC0-301F-11D3-BF4B-00C04F79EFBC}") = "Producer", "Producer\Producer.csproj", "{74976831-C431-44CF-9029-5251CC557A41}"
EndProject
Project("{FAE04EC0-301F-11D3-BF4B-00C04F79EFBC}") = "Consumer", "Consumer\Consumer.csproj", "{46A36FA1-FF06-4BFD-9374-256659F324E5}"
EndProject
Global
	GlobalSection(SolutionConfigurationPlatforms) = preSolution
		Debug|Any CPU = Debug|Any CPU
		Release|Any CPU = Release|Any CPU
	EndGlobalSection
	GlobalSection(ProjectConfigurationPlatforms) = postSolution
		{74976831-C431-44CF-9029-5251CC557A41}.Debug|Any CPU.ActiveCfg = Debug|Any CPU
		{74976831-C431-44CF-9029-5251CC557A41}.Debug|Any CPU.Build.0 = Debug|Any CPU
		{74976831-C431-44CF-9029-5251CC557A41}.Release|Any CPU.ActiveCfg = Release|Any CPU
		{74976831-C431-44CF-9029-5251CC557A41}.Release|Any CPU.Build.0 = Release|Any CPU
		{46A36FA1-FF06-4BFD-9374-256659F324E5}.Debug|Any CPU.ActiveCfg = Debug|Any CPU
		{46A36FA1-FF06-4BFD-9374-256659F324E5}.Debug|Any CPU.Build.0 = Debug|Any CPU
		{46A36FA1-FF06-4BFD-9374-256659F324E5}.Release|Any CPU.ActiveCfg = Release|Any CPU
		{46A36FA1-FF06-4BFD-9374-256659F324E5}.Release|Any CPU.Build.0 = Release|Any CPU
	EndGlobalSection
	GlobalSection(SolutionProperties) = preSolution
		HideSolutionNode = FALSE
	EndGlobalSection
	GlobalSection(ExtensibilityGlobals) = postSolution
		SolutionGuid = {CD0B61EF-EFFB-4F76-ACC3-DE7FB8D256DA}
	EndGlobalSection
EndGlobal
